
Microsoft Visual Studio Solution File, Format Version 12.00
# Visual Studio 14
VisualStudioVersion = 14.0.25420.1
MinimumVisualStudioVersion = 10.0.40219.1
Project("{FAE04EC0-301F-11D3-BF4B-00C04F79EFBC}") = "ServiceLocator.Droid", "ServiceLocator\ServiceLocator.Droid\ServiceLocator.Droid.csproj", "{82095EE4-B631-4398-90FB-572E56ACDA0D}"
EndProject
Project("{FAE04EC0-301F-11D3-BF4B-00C04F79EFBC}") = "ServiceLocator.iOS", "ServiceLocator\ServiceLocator.iOS\ServiceLocator.iOS.csproj", "{2CDAA9E4-41A9-4B5E-A8CC-8AA295C88014}"
EndProject
Project("{FAE04EC0-301F-11D3-BF4B-00C04F79EFBC}") = "ServiceLocator.WinPhone", "ServiceLocator\ServiceLocator.WinPhone\ServiceLocator.WinPhone.csproj", "{EB4B8B41-6156-46CB-8C5E-3B696ED91867}"
EndProject
Project("{FAE04EC0-301F-11D3-BF4B-00C04F79EFBC}") = "ServiceLocator.UWP", "ServiceLocator\ServiceLocator.UWP\ServiceLocator.UWP.csproj", "{E04F6CD6-23E2-44A0-AC0E-91B133556729}"
EndProject
Project("{FAE04EC0-301F-11D3-BF4B-00C04F79EFBC}") = "ServiceLocator.Windows", "ServiceLocator\ServiceLocator.Windows\ServiceLocator.Windows.csproj", "{B8189FA0-EB9F-41B2-83D5-FAB57B2D1F36}"
EndProject
Project("{D954291E-2A0B-460D-934E-DC6B0785DB48}") = "ServiceLocator", "ServiceLocator\ServiceLocator\ServiceLocator.shproj", "{2E76BE82-8B9B-4681-A5CD-3990882A3CAA}"
EndProject
Global
	GlobalSection(SharedMSBuildProjectFiles) = preSolution
		ServiceLocator\ServiceLocator\ServiceLocator.projitems*{2e76be82-8b9b-4681-a5cd-3990882a3caa}*SharedItemsImports = 13
		ServiceLocator\ServiceLocator\ServiceLocator.projitems*{e04f6cd6-23e2-44a0-ac0e-91b133556729}*SharedItemsImports = 4
	EndGlobalSection
	GlobalSection(SolutionConfigurationPlatforms) = preSolution
		Ad-Hoc|Any CPU = Ad-Hoc|Any CPU
		Ad-Hoc|ARM = Ad-Hoc|ARM
		Ad-Hoc|iPhone = Ad-Hoc|iPhone
		Ad-Hoc|iPhoneSimulator = Ad-Hoc|iPhoneSimulator
		Ad-Hoc|x64 = Ad-Hoc|x64
		Ad-Hoc|x86 = Ad-Hoc|x86
		AppStore|Any CPU = AppStore|Any CPU
		AppStore|ARM = AppStore|ARM
		AppStore|iPhone = AppStore|iPhone
		AppStore|iPhoneSimulator = AppStore|iPhoneSimulator
		AppStore|x64 = AppStore|x64
		AppStore|x86 = AppStore|x86
		Debug|Any CPU = Debug|Any CPU
		Debug|ARM = Debug|ARM
		Debug|iPhone = Debug|iPhone
		Debug|iPhoneSimulator = Debug|iPhoneSimulator
		Debug|x64 = Debug|x64
		Debug|x86 = Debug|x86
		Release|Any CPU = Release|Any CPU
		Release|ARM = Release|ARM
		Release|iPhone = Release|iPhone
		Release|iPhoneSimulator = Release|iPhoneSimulator
		Release|x64 = Release|x64
		Release|x86 = Release|x86
	EndGlobalSection
	GlobalSection(ProjectConfigurationPlatforms) = postSolution
		{82095EE4-B631-4398-90FB-572E56ACDA0D}.Ad-Hoc|Any CPU.ActiveCfg = Release|Any CPU
		{82095EE4-B631-4398-90FB-572E56ACDA0D}.Ad-Hoc|Any CPU.Build.0 = Release|Any CPU
		{82095EE4-B631-4398-90FB-572E56ACDA0D}.Ad-Hoc|Any CPU.Deploy.0 = Release|Any CPU
		{82095EE4-B631-4398-90FB-572E56ACDA0D}.Ad-Hoc|ARM.ActiveCfg = Release|Any CPU
		{82095EE4-B631-4398-90FB-572E56ACDA0D}.Ad-Hoc|ARM.Build.0 = Release|Any CPU
		{82095EE4-B631-4398-90FB-572E56ACDA0D}.Ad-Hoc|ARM.Deploy.0 = Release|Any CPU
		{82095EE4-B631-4398-90FB-572E56ACDA0D}.Ad-Hoc|iPhone.ActiveCfg = Release|Any CPU
		{82095EE4-B631-4398-90FB-572E56ACDA0D}.Ad-Hoc|iPhone.Build.0 = Release|Any CPU
		{82095EE4-B631-4398-90FB-572E56ACDA0D}.Ad-Hoc|iPhone.Deploy.0 = Release|Any CPU
		{82095EE4-B631-4398-90FB-572E56ACDA0D}.Ad-Hoc|iPhoneSimulator.ActiveCfg = Release|Any CPU
		{82095EE4-B631-4398-90FB-572E56ACDA0D}.Ad-Hoc|iPhoneSimulator.Build.0 = Release|Any CPU
		{82095EE4-B631-4398-90FB-572E56ACDA0D}.Ad-Hoc|iPhoneSimulator.Deploy.0 = Release|Any CPU
		{82095EE4-B631-4398-90FB-572E56ACDA0D}.Ad-Hoc|x64.ActiveCfg = Release|Any CPU
		{82095EE4-B631-4398-90FB-572E56ACDA0D}.Ad-Hoc|x64.Build.0 = Release|Any CPU
		{82095EE4-B631-4398-90FB-572E56ACDA0D}.Ad-Hoc|x64.Deploy.0 = Release|Any CPU
		{82095EE4-B631-4398-90FB-572E56ACDA0D}.Ad-Hoc|x86.ActiveCfg = Release|Any CPU
		{82095EE4-B631-4398-90FB-572E56ACDA0D}.Ad-Hoc|x86.Build.0 = Release|Any CPU
		{82095EE4-B631-4398-90FB-572E56ACDA0D}.Ad-Hoc|x86.Deploy.0 = Release|Any CPU
		{82095EE4-B631-4398-90FB-572E56ACDA0D}.AppStore|Any CPU.ActiveCfg = Release|Any CPU
		{82095EE4-B631-4398-90FB-572E56ACDA0D}.AppStore|Any CPU.Build.0 = Release|Any CPU
		{82095EE4-B631-4398-90FB-572E56ACDA0D}.AppStore|Any CPU.Deploy.0 = Release|Any CPU
		{82095EE4-B631-4398-90FB-572E56ACDA0D}.AppStore|ARM.ActiveCfg = Release|Any CPU
		{82095EE4-B631-4398-90FB-572E56ACDA0D}.AppStore|ARM.Build.0 = Release|Any CPU
		{82095EE4-B631-4398-90FB-572E56ACDA0D}.AppStore|ARM.Deploy.0 = Release|Any CPU
		{82095EE4-B631-4398-90FB-572E56ACDA0D}.AppStore|iPhone.ActiveCfg = Release|Any CPU
		{82095EE4-B631-4398-90FB-572E56ACDA0D}.AppStore|iPhone.Build.0 = Release|Any CPU
		{82095EE4-B631-4398-90FB-572E56ACDA0D}.AppStore|iPhone.Deploy.0 = Release|Any CPU
		{82095EE4-B631-4398-90FB-572E56ACDA0D}.AppStore|iPhoneSimulator.ActiveCfg = Release|Any CPU
		{82095EE4-B631-4398-90FB-572E56ACDA0D}.AppStore|iPhoneSimulator.Build.0 = Release|Any CPU
		{82095EE4-B631-4398-90FB-572E56ACDA0D}.AppStore|iPhoneSimulator.Deploy.0 = Release|Any CPU
		{82095EE4-B631-4398-90FB-572E56ACDA0D}.AppStore|x64.ActiveCfg = Release|Any CPU
		{82095EE4-B631-4398-90FB-572E56ACDA0D}.AppStore|x64.Build.0 = Release|Any CPU
		{82095EE4-B631-4398-90FB-572E56ACDA0D}.AppStore|x64.Deploy.0 = Release|Any CPU
		{82095EE4-B631-4398-90FB-572E56ACDA0D}.AppStore|x86.ActiveCfg = Release|Any CPU
		{82095EE4-B631-4398-90FB-572E56ACDA0D}.AppStore|x86.Build.0 = Release|Any CPU
		{82095EE4-B631-4398-90FB-572E56ACDA0D}.AppStore|x86.Deploy.0 = Release|Any CPU
		{82095EE4-B631-4398-90FB-572E56ACDA0D}.Debug|Any CPU.ActiveCfg = Debug|Any CPU
		{82095EE4-B631-4398-90FB-572E56ACDA0D}.Debug|Any CPU.Build.0 = Debug|Any CPU
		{82095EE4-B631-4398-90FB-572E56ACDA0D}.Debug|Any CPU.Deploy.0 = Debug|Any CPU
		{82095EE4-B631-4398-90FB-572E56ACDA0D}.Debug|ARM.ActiveCfg = Debug|Any CPU
		{82095EE4-B631-4398-90FB-572E56ACDA0D}.Debug|ARM.Build.0 = Debug|Any CPU
		{82095EE4-B631-4398-90FB-572E56ACDA0D}.Debug|ARM.Deploy.0 = Debug|Any CPU
		{82095EE4-B631-4398-90FB-572E56ACDA0D}.Debug|iPhone.ActiveCfg = Debug|Any CPU
		{82095EE4-B631-4398-90FB-572E56ACDA0D}.Debug|iPhone.Build.0 = Debug|Any CPU
		{82095EE4-B631-4398-90FB-572E56ACDA0D}.Debug|iPhone.Deploy.0 = Debug|Any CPU
		{82095EE4-B631-4398-90FB-572E56ACDA0D}.Debug|iPhoneSimulator.ActiveCfg = Debug|Any CPU
		{82095EE4-B631-4398-90FB-572E56ACDA0D}.Debug|iPhoneSimulator.Build.0 = Debug|Any CPU
		{82095EE4-B631-4398-90FB-572E56ACDA0D}.Debug|iPhoneSimulator.Deploy.0 = Debug|Any CPU
		{82095EE4-B631-4398-90FB-572E56ACDA0D}.Debug|x64.ActiveCfg = Debug|Any CPU
		{82095EE4-B631-4398-90FB-572E56ACDA0D}.Debug|x64.Build.0 = Debug|Any CPU
		{82095EE4-B631-4398-90FB-572E56ACDA0D}.Debug|x64.Deploy.0 = Debug|Any CPU
		{82095EE4-B631-4398-90FB-572E56ACDA0D}.Debug|x86.ActiveCfg = Debug|Any CPU
		{82095EE4-B631-4398-90FB-572E56ACDA0D}.Debug|x86.Build.0 = Debug|Any CPU
		{82095EE4-B631-4398-90FB-572E56ACDA0D}.Debug|x86.Deploy.0 = Debug|Any CPU
		{82095EE4-B631-4398-90FB-572E56ACDA0D}.Release|Any CPU.ActiveCfg = Release|Any CPU
		{82095EE4-B631-4398-90FB-572E56ACDA0D}.Release|Any CPU.Build.0 = Release|Any CPU
		{82095EE4-B631-4398-90FB-572E56ACDA0D}.Release|Any CPU.Deploy.0 = Release|Any CPU
		{82095EE4-B631-4398-90FB-572E56ACDA0D}.Release|ARM.ActiveCfg = Release|Any CPU
		{82095EE4-B631-4398-90FB-572E56ACDA0D}.Release|ARM.Build.0 = Release|Any CPU
		{82095EE4-B631-4398-90FB-572E56ACDA0D}.Release|ARM.Deploy.0 = Release|Any CPU
		{82095EE4-B631-4398-90FB-572E56ACDA0D}.Release|iPhone.ActiveCfg = Release|Any CPU
		{82095EE4-B631-4398-90FB-572E56ACDA0D}.Release|iPhone.Build.0 = Release|Any CPU
		{82095EE4-B631-4398-90FB-572E56ACDA0D}.Release|iPhone.Deploy.0 = Release|Any CPU
		{82095EE4-B631-4398-90FB-572E56ACDA0D}.Release|iPhoneSimulator.ActiveCfg = Release|Any CPU
		{82095EE4-B631-4398-90FB-572E56ACDA0D}.Release|iPhoneSimulator.Build.0 = Release|Any CPU
		{82095EE4-B631-4398-90FB-572E56ACDA0D}.Release|iPhoneSimulator.Deploy.0 = Release|Any CPU
		{82095EE4-B631-4398-90FB-572E56ACDA0D}.Release|x64.ActiveCfg = Release|Any CPU
		{82095EE4-B631-4398-90FB-572E56ACDA0D}.Release|x64.Build.0 = Release|Any CPU
		{82095EE4-B631-4398-90FB-572E56ACDA0D}.Release|x64.Deploy.0 = Release|Any CPU
		{82095EE4-B631-4398-90FB-572E56ACDA0D}.Release|x86.ActiveCfg = Release|Any CPU
		{82095EE4-B631-4398-90FB-572E56ACDA0D}.Release|x86.Build.0 = Release|Any CPU
		{82095EE4-B631-4398-90FB-572E56ACDA0D}.Release|x86.Deploy.0 = Release|Any CPU
		{2CDAA9E4-41A9-4B5E-A8CC-8AA295C88014}.Ad-Hoc|Any CPU.ActiveCfg = Ad-Hoc|iPhone
		{2CDAA9E4-41A9-4B5E-A8CC-8AA295C88014}.Ad-Hoc|ARM.ActiveCfg = Ad-Hoc|iPhone
		{2CDAA9E4-41A9-4B5E-A8CC-8AA295C88014}.Ad-Hoc|iPhone.ActiveCfg = Ad-Hoc|iPhone
		{2CDAA9E4-41A9-4B5E-A8CC-8AA295C88014}.Ad-Hoc|iPhone.Build.0 = Ad-Hoc|iPhone
		{2CDAA9E4-41A9-4B5E-A8CC-8AA295C88014}.Ad-Hoc|iPhoneSimulator.ActiveCfg = Ad-Hoc|iPhoneSimulator
		{2CDAA9E4-41A9-4B5E-A8CC-8AA295C88014}.Ad-Hoc|iPhoneSimulator.Build.0 = Ad-Hoc|iPhoneSimulator
		{2CDAA9E4-41A9-4B5E-A8CC-8AA295C88014}.Ad-Hoc|x64.ActiveCfg = Ad-Hoc|iPhone
		{2CDAA9E4-41A9-4B5E-A8CC-8AA295C88014}.Ad-Hoc|x86.ActiveCfg = Ad-Hoc|iPhone
		{2CDAA9E4-41A9-4B5E-A8CC-8AA295C88014}.AppStore|Any CPU.ActiveCfg = AppStore|iPhone
		{2CDAA9E4-41A9-4B5E-A8CC-8AA295C88014}.AppStore|ARM.ActiveCfg = AppStore|iPhone
		{2CDAA9E4-41A9-4B5E-A8CC-8AA295C88014}.AppStore|iPhone.ActiveCfg = AppStore|iPhone
		{2CDAA9E4-41A9-4B5E-A8CC-8AA295C88014}.AppStore|iPhone.Build.0 = AppStore|iPhone
		{2CDAA9E4-41A9-4B5E-A8CC-8AA295C88014}.AppStore|iPhoneSimulator.ActiveCfg = AppStore|iPhoneSimulator
		{2CDAA9E4-41A9-4B5E-A8CC-8AA295C88014}.AppStore|iPhoneSimulator.Build.0 = AppStore|iPhoneSimulator
		{2CDAA9E4-41A9-4B5E-A8CC-8AA295C88014}.AppStore|x64.ActiveCfg = AppStore|iPhone
		{2CDAA9E4-41A9-4B5E-A8CC-8AA295C88014}.AppStore|x86.ActiveCfg = AppStore|iPhone
		{2CDAA9E4-41A9-4B5E-A8CC-8AA295C88014}.Debug|Any CPU.ActiveCfg = Debug|iPhone
		{2CDAA9E4-41A9-4B5E-A8CC-8AA295C88014}.Debug|ARM.ActiveCfg = Debug|iPhone
		{2CDAA9E4-41A9-4B5E-A8CC-8AA295C88014}.Debug|iPhone.ActiveCfg = Debug|iPhone
		{2CDAA9E4-41A9-4B5E-A8CC-8AA295C88014}.Debug|iPhone.Build.0 = Debug|iPhone
		{2CDAA9E4-41A9-4B5E-A8CC-8AA295C88014}.Debug|iPhoneSimulator.ActiveCfg = Debug|iPhoneSimulator
		{2CDAA9E4-41A9-4B5E-A8CC-8AA295C88014}.Debug|iPhoneSimulator.Build.0 = Debug|iPhoneSimulator
		{2CDAA9E4-41A9-4B5E-A8CC-8AA295C88014}.Debug|x64.ActiveCfg = Debug|iPhone
		{2CDAA9E4-41A9-4B5E-A8CC-8AA295C88014}.Debug|x86.ActiveCfg = Debug|iPhone
		{2CDAA9E4-41A9-4B5E-A8CC-8AA295C88014}.Release|Any CPU.ActiveCfg = Release|iPhone
		{2CDAA9E4-41A9-4B5E-A8CC-8AA295C88014}.Release|ARM.ActiveCfg = Release|iPhone
		{2CDAA9E4-41A9-4B5E-A8CC-8AA295C88014}.Release|iPhone.ActiveCfg = Release|iPhone
		{2CDAA9E4-41A9-4B5E-A8CC-8AA295C88014}.Release|iPhone.Build.0 = Release|iPhone
		{2CDAA9E4-41A9-4B5E-A8CC-8AA295C88014}.Release|iPhoneSimulator.ActiveCfg = Release|iPhoneSimulator
		{2CDAA9E4-41A9-4B5E-A8CC-8AA295C88014}.Release|iPhoneSimulator.Build.0 = Release|iPhoneSimulator
		{2CDAA9E4-41A9-4B5E-A8CC-8AA295C88014}.Release|x64.ActiveCfg = Release|iPhone
		{2CDAA9E4-41A9-4B5E-A8CC-8AA295C88014}.Release|x86.ActiveCfg = Release|iPhone
		{EB4B8B41-6156-46CB-8C5E-3B696ED91867}.Ad-Hoc|Any CPU.ActiveCfg = Release|Any CPU
		{EB4B8B41-6156-46CB-8C5E-3B696ED91867}.Ad-Hoc|Any CPU.Build.0 = Release|Any CPU
		{EB4B8B41-6156-46CB-8C5E-3B696ED91867}.Ad-Hoc|Any CPU.Deploy.0 = Release|Any CPU
		{EB4B8B41-6156-46CB-8C5E-3B696ED91867}.Ad-Hoc|ARM.ActiveCfg = Release|ARM
		{EB4B8B41-6156-46CB-8C5E-3B696ED91867}.Ad-Hoc|ARM.Build.0 = Release|ARM
		{EB4B8B41-6156-46CB-8C5E-3B696ED91867}.Ad-Hoc|ARM.Deploy.0 = Release|ARM
		{EB4B8B41-6156-46CB-8C5E-3B696ED91867}.Ad-Hoc|iPhone.ActiveCfg = Release|Any CPU
		{EB4B8B41-6156-46CB-8C5E-3B696ED91867}.Ad-Hoc|iPhone.Build.0 = Release|Any CPU
		{EB4B8B41-6156-46CB-8C5E-3B696ED91867}.Ad-Hoc|iPhone.Deploy.0 = Release|Any CPU
		{EB4B8B41-6156-46CB-8C5E-3B696ED91867}.Ad-Hoc|iPhoneSimulator.ActiveCfg = Release|Any CPU
		{EB4B8B41-6156-46CB-8C5E-3B696ED91867}.Ad-Hoc|iPhoneSimulator.Build.0 = Release|Any CPU
		{EB4B8B41-6156-46CB-8C5E-3B696ED91867}.Ad-Hoc|iPhoneSimulator.Deploy.0 = Release|Any CPU
		{EB4B8B41-6156-46CB-8C5E-3B696ED91867}.Ad-Hoc|x64.ActiveCfg = Release|Any CPU
		{EB4B8B41-6156-46CB-8C5E-3B696ED91867}.Ad-Hoc|x64.Build.0 = Release|Any CPU
		{EB4B8B41-6156-46CB-8C5E-3B696ED91867}.Ad-Hoc|x64.Deploy.0 = Release|Any CPU
		{EB4B8B41-6156-46CB-8C5E-3B696ED91867}.Ad-Hoc|x86.ActiveCfg = Release|x86
		{EB4B8B41-6156-46CB-8C5E-3B696ED91867}.Ad-Hoc|x86.Build.0 = Release|x86
		{EB4B8B41-6156-46CB-8C5E-3B696ED91867}.Ad-Hoc|x86.Deploy.0 = Release|x86
		{EB4B8B41-6156-46CB-8C5E-3B696ED91867}.AppStore|Any CPU.ActiveCfg = Release|Any CPU
		{EB4B8B41-6156-46CB-8C5E-3B696ED91867}.AppStore|Any CPU.Build.0 = Release|Any CPU
		{EB4B8B41-6156-46CB-8C5E-3B696ED91867}.AppStore|Any CPU.Deploy.0 = Release|Any CPU
		{EB4B8B41-6156-46CB-8C5E-3B696ED91867}.AppStore|ARM.ActiveCfg = Release|ARM
		{EB4B8B41-6156-46CB-8C5E-3B696ED91867}.AppStore|ARM.Build.0 = Release|ARM
		{EB4B8B41-6156-46CB-8C5E-3B696ED91867}.AppStore|ARM.Deploy.0 = Release|ARM
		{EB4B8B41-6156-46CB-8C5E-3B696ED91867}.AppStore|iPhone.ActiveCfg = Release|Any CPU
		{EB4B8B41-6156-46CB-8C5E-3B696ED91867}.AppStore|iPhone.Build.0 = Release|Any CPU
		{EB4B8B41-6156-46CB-8C5E-3B696ED91867}.AppStore|iPhone.Deploy.0 = Release|Any CPU
		{EB4B8B41-6156-46CB-8C5E-3B696ED91867}.AppStore|iPhoneSimulator.ActiveCfg = Release|Any CPU
		{EB4B8B41-6156-46CB-8C5E-3B696ED91867}.AppStore|iPhoneSimulator.Build.0 = Release|Any CPU
		{EB4B8B41-6156-46CB-8C5E-3B696ED91867}.AppStore|iPhoneSimulator.Deploy.0 = Release|Any CPU
		{EB4B8B41-6156-46CB-8C5E-3B696ED91867}.AppStore|x64.ActiveCfg = Release|Any CPU
		{EB4B8B41-6156-46CB-8C5E-3B696ED91867}.AppStore|x64.Build.0 = Release|Any CPU
		{EB4B8B41-6156-46CB-8C5E-3B696ED91867}.AppStore|x64.Deploy.0 = Release|Any CPU
		{EB4B8B41-6156-46CB-8C5E-3B696ED91867}.AppStore|x86.ActiveCfg = Release|x86
		{EB4B8B41-6156-46CB-8C5E-3B696ED91867}.AppStore|x86.Build.0 = Release|x86
		{EB4B8B41-6156-46CB-8C5E-3B696ED91867}.AppStore|x86.Deploy.0 = Release|x86
		{EB4B8B41-6156-46CB-8C5E-3B696ED91867}.Debug|Any CPU.ActiveCfg = Debug|Any CPU
		{EB4B8B41-6156-46CB-8C5E-3B696ED91867}.Debug|Any CPU.Build.0 = Debug|Any CPU
		{EB4B8B41-6156-46CB-8C5E-3B696ED91867}.Debug|Any CPU.Deploy.0 = Debug|Any CPU
		{EB4B8B41-6156-46CB-8C5E-3B696ED91867}.Debug|ARM.ActiveCfg = Debug|ARM
		{EB4B8B41-6156-46CB-8C5E-3B696ED91867}.Debug|ARM.Build.0 = Debug|ARM
		{EB4B8B41-6156-46CB-8C5E-3B696ED91867}.Debug|ARM.Deploy.0 = Debug|ARM
		{EB4B8B41-6156-46CB-8C5E-3B696ED91867}.Debug|iPhone.ActiveCfg = Debug|Any CPU
		{EB4B8B41-6156-46CB-8C5E-3B696ED91867}.Debug|iPhone.Build.0 = Debug|Any CPU
		{EB4B8B41-6156-46CB-8C5E-3B696ED91867}.Debug|iPhone.Deploy.0 = Debug|Any CPU
		{EB4B8B41-6156-46CB-8C5E-3B696ED91867}.Debug|iPhoneSimulator.ActiveCfg = Debug|Any CPU
		{EB4B8B41-6156-46CB-8C5E-3B696ED91867}.Debug|iPhoneSimulator.Build.0 = Debug|Any CPU
		{EB4B8B41-6156-46CB-8C5E-3B696ED91867}.Debug|iPhoneSimulator.Deploy.0 = Debug|Any CPU
		{EB4B8B41-6156-46CB-8C5E-3B696ED91867}.Debug|x64.ActiveCfg = Debug|Any CPU
		{EB4B8B41-6156-46CB-8C5E-3B696ED91867}.Debug|x64.Build.0 = Debug|Any CPU
		{EB4B8B41-6156-46CB-8C5E-3B696ED91867}.Debug|x64.Deploy.0 = Debug|Any CPU
		{EB4B8B41-6156-46CB-8C5E-3B696ED91867}.Debug|x86.ActiveCfg = Debug|x86
		{EB4B8B41-6156-46CB-8C5E-3B696ED91867}.Debug|x86.Build.0 = Debug|x86
		{EB4B8B41-6156-46CB-8C5E-3B696ED91867}.Debug|x86.Deploy.0 = Debug|x86
		{EB4B8B41-6156-46CB-8C5E-3B696ED91867}.Release|Any CPU.ActiveCfg = Release|Any CPU
		{EB4B8B41-6156-46CB-8C5E-3B696ED91867}.Release|Any CPU.Build.0 = Release|Any CPU
		{EB4B8B41-6156-46CB-8C5E-3B696ED91867}.Release|Any CPU.Deploy.0 = Release|Any CPU
		{EB4B8B41-6156-46CB-8C5E-3B696ED91867}.Release|ARM.ActiveCfg = Release|ARM
		{EB4B8B41-6156-46CB-8C5E-3B696ED91867}.Release|ARM.Build.0 = Release|ARM
		{EB4B8B41-6156-46CB-8C5E-3B696ED91867}.Release|ARM.Deploy.0 = Release|ARM
		{EB4B8B41-6156-46CB-8C5E-3B696ED91867}.Release|iPhone.ActiveCfg = Release|Any CPU
		{EB4B8B41-6156-46CB-8C5E-3B696ED91867}.Release|iPhone.Build.0 = Release|Any CPU
		{EB4B8B41-6156-46CB-8C5E-3B696ED91867}.Release|iPhone.Deploy.0 = Release|Any CPU
		{EB4B8B41-6156-46CB-8C5E-3B696ED91867}.Release|iPhoneSimulator.ActiveCfg = Release|Any CPU
		{EB4B8B41-6156-46CB-8C5E-3B696ED91867}.Release|iPhoneSimulator.Build.0 = Release|Any CPU
		{EB4B8B41-6156-46CB-8C5E-3B696ED91867}.Release|iPhoneSimulator.Deploy.0 = Release|Any CPU
		{EB4B8B41-6156-46CB-8C5E-3B696ED91867}.Release|x64.ActiveCfg = Release|Any CPU
		{EB4B8B41-6156-46CB-8C5E-3B696ED91867}.Release|x64.Build.0 = Release|Any CPU
		{EB4B8B41-6156-46CB-8C5E-3B696ED91867}.Release|x64.Deploy.0 = Release|Any CPU
		{EB4B8B41-6156-46CB-8C5E-3B696ED91867}.Release|x86.ActiveCfg = Release|x86
		{EB4B8B41-6156-46CB-8C5E-3B696ED91867}.Release|x86.Build.0 = Release|x86
		{EB4B8B41-6156-46CB-8C5E-3B696ED91867}.Release|x86.Deploy.0 = Release|x86
		{E04F6CD6-23E2-44A0-AC0E-91B133556729}.Ad-Hoc|Any CPU.ActiveCfg = Release|x86
		{E04F6CD6-23E2-44A0-AC0E-91B133556729}.Ad-Hoc|Any CPU.Build.0 = Release|x86
		{E04F6CD6-23E2-44A0-AC0E-91B133556729}.Ad-Hoc|Any CPU.Deploy.0 = Release|x86
		{E04F6CD6-23E2-44A0-AC0E-91B133556729}.Ad-Hoc|ARM.ActiveCfg = Release|ARM
		{E04F6CD6-23E2-44A0-AC0E-91B133556729}.Ad-Hoc|ARM.Build.0 = Release|ARM
		{E04F6CD6-23E2-44A0-AC0E-91B133556729}.Ad-Hoc|ARM.Deploy.0 = Release|ARM
		{E04F6CD6-23E2-44A0-AC0E-91B133556729}.Ad-Hoc|iPhone.ActiveCfg = Release|x86
		{E04F6CD6-23E2-44A0-AC0E-91B133556729}.Ad-Hoc|iPhone.Build.0 = Release|x86
		{E04F6CD6-23E2-44A0-AC0E-91B133556729}.Ad-Hoc|iPhone.Deploy.0 = Release|x86
		{E04F6CD6-23E2-44A0-AC0E-91B133556729}.Ad-Hoc|iPhoneSimulator.ActiveCfg = Release|x86
		{E04F6CD6-23E2-44A0-AC0E-91B133556729}.Ad-Hoc|iPhoneSimulator.Build.0 = Release|x86
		{E04F6CD6-23E2-44A0-AC0E-91B133556729}.Ad-Hoc|iPhoneSimulator.Deploy.0 = Release|x86
		{E04F6CD6-23E2-44A0-AC0E-91B133556729}.Ad-Hoc|x64.ActiveCfg = Release|x64
		{E04F6CD6-23E2-44A0-AC0E-91B133556729}.Ad-Hoc|x64.Build.0 = Release|x64
		{E04F6CD6-23E2-44A0-AC0E-91B133556729}.Ad-Hoc|x64.Deploy.0 = Release|x64
		{E04F6CD6-23E2-44A0-AC0E-91B133556729}.Ad-Hoc|x86.ActiveCfg = Release|x86
		{E04F6CD6-23E2-44A0-AC0E-91B133556729}.Ad-Hoc|x86.Build.0 = Release|x86
		{E04F6CD6-23E2-44A0-AC0E-91B133556729}.Ad-Hoc|x86.Deploy.0 = Release|x86
		{E04F6CD6-23E2-44A0-AC0E-91B133556729}.AppStore|Any CPU.ActiveCfg = Release|x86
		{E04F6CD6-23E2-44A0-AC0E-91B133556729}.AppStore|Any CPU.Build.0 = Release|x86
		{E04F6CD6-23E2-44A0-AC0E-91B133556729}.AppStore|Any CPU.Deploy.0 = Release|x86
		{E04F6CD6-23E2-44A0-AC0E-91B133556729}.AppStore|ARM.ActiveCfg = Release|ARM
		{E04F6CD6-23E2-44A0-AC0E-91B133556729}.AppStore|ARM.Build.0 = Release|ARM
		{E04F6CD6-23E2-44A0-AC0E-91B133556729}.AppStore|ARM.Deploy.0 = Release|ARM
		{E04F6CD6-23E2-44A0-AC0E-91B133556729}.AppStore|iPhone.ActiveCfg = Release|x86
		{E04F6CD6-23E2-44A0-AC0E-91B133556729}.AppStore|iPhone.Build.0 = Release|x86
		{E04F6CD6-23E2-44A0-AC0E-91B133556729}.AppStore|iPhone.Deploy.0 = Release|x86
		{E04F6CD6-23E2-44A0-AC0E-91B133556729}.AppStore|iPhoneSimulator.ActiveCfg = Release|x86
		{E04F6CD6-23E2-44A0-AC0E-91B133556729}.AppStore|iPhoneSimulator.Build.0 = Release|x86
		{E04F6CD6-23E2-44A0-AC0E-91B133556729}.AppStore|iPhoneSimulator.Deploy.0 = Release|x86
		{E04F6CD6-23E2-44A0-AC0E-91B133556729}.AppStore|x64.ActiveCfg = Release|x64
		{E04F6CD6-23E2-44A0-AC0E-91B133556729}.AppStore|x64.Build.0 = Release|x64
		{E04F6CD6-23E2-44A0-AC0E-91B133556729}.AppStore|x64.Deploy.0 = Release|x64
		{E04F6CD6-23E2-44A0-AC0E-91B133556729}.AppStore|x86.ActiveCfg = Release|x86
		{E04F6CD6-23E2-44A0-AC0E-91B133556729}.AppStore|x86.Build.0 = Release|x86
		{E04F6CD6-23E2-44A0-AC0E-91B133556729}.AppStore|x86.Deploy.0 = Release|x86
		{E04F6CD6-23E2-44A0-AC0E-91B133556729}.Debug|Any CPU.ActiveCfg = Debug|x86
		{E04F6CD6-23E2-44A0-AC0E-91B133556729}.Debug|ARM.ActiveCfg = Debug|ARM
		{E04F6CD6-23E2-44A0-AC0E-91B133556729}.Debug|ARM.Build.0 = Debug|ARM
		{E04F6CD6-23E2-44A0-AC0E-91B133556729}.Debug|ARM.Deploy.0 = Debug|ARM
		{E04F6CD6-23E2-44A0-AC0E-91B133556729}.Debug|iPhone.ActiveCfg = Debug|x86
		{E04F6CD6-23E2-44A0-AC0E-91B133556729}.Debug|iPhoneSimulator.ActiveCfg = Debug|x86
		{E04F6CD6-23E2-44A0-AC0E-91B133556729}.Debug|x64.ActiveCfg = Debug|x64
		{E04F6CD6-23E2-44A0-AC0E-91B133556729}.Debug|x64.Build.0 = Debug|x64
		{E04F6CD6-23E2-44A0-AC0E-91B133556729}.Debug|x64.Deploy.0 = Debug|x64
		{E04F6CD6-23E2-44A0-AC0E-91B133556729}.Debug|x86.ActiveCfg = Debug|x86
		{E04F6CD6-23E2-44A0-AC0E-91B133556729}.Debug|x86.Build.0 = Debug|x86
		{E04F6CD6-23E2-44A0-AC0E-91B133556729}.Debug|x86.Deploy.0 = Debug|x86
		{E04F6CD6-23E2-44A0-AC0E-91B133556729}.Release|Any CPU.ActiveCfg = Release|x86
		{E04F6CD6-23E2-44A0-AC0E-91B133556729}.Release|ARM.ActiveCfg = Release|ARM
		{E04F6CD6-23E2-44A0-AC0E-91B133556729}.Release|ARM.Build.0 = Release|ARM
		{E04F6CD6-23E2-44A0-AC0E-91B133556729}.Release|ARM.Deploy.0 = Release|ARM
		{E04F6CD6-23E2-44A0-AC0E-91B133556729}.Release|iPhone.ActiveCfg = Release|x86
		{E04F6CD6-23E2-44A0-AC0E-91B133556729}.Release|iPhoneSimulator.ActiveCfg = Release|x86
		{E04F6CD6-23E2-44A0-AC0E-91B133556729}.Release|x64.ActiveCfg = Release|x64
		{E04F6CD6-23E2-44A0-AC0E-91B133556729}.Release|x64.Build.0 = Release|x64
		{E04F6CD6-23E2-44A0-AC0E-91B133556729}.Release|x64.Deploy.0 = Release|x64
		{E04F6CD6-23E2-44A0-AC0E-91B133556729}.Release|x86.ActiveCfg = Release|x86
		{E04F6CD6-23E2-44A0-AC0E-91B133556729}.Release|x86.Build.0 = Release|x86
		{E04F6CD6-23E2-44A0-AC0E-91B133556729}.Release|x86.Deploy.0 = Release|x86
		{B8189FA0-EB9F-41B2-83D5-FAB57B2D1F36}.Ad-Hoc|Any CPU.ActiveCfg = Release|Any CPU
		{B8189FA0-EB9F-41B2-83D5-FAB57B2D1F36}.Ad-Hoc|Any CPU.Build.0 = Release|Any CPU
		{B8189FA0-EB9F-41B2-83D5-FAB57B2D1F36}.Ad-Hoc|Any CPU.Deploy.0 = Release|Any CPU
		{B8189FA0-EB9F-41B2-83D5-FAB57B2D1F36}.Ad-Hoc|ARM.ActiveCfg = Release|ARM
		{B8189FA0-EB9F-41B2-83D5-FAB57B2D1F36}.Ad-Hoc|ARM.Build.0 = Release|ARM
		{B8189FA0-EB9F-41B2-83D5-FAB57B2D1F36}.Ad-Hoc|ARM.Deploy.0 = Release|ARM
		{B8189FA0-EB9F-41B2-83D5-FAB57B2D1F36}.Ad-Hoc|iPhone.ActiveCfg = Release|Any CPU
		{B8189FA0-EB9F-41B2-83D5-FAB57B2D1F36}.Ad-Hoc|iPhone.Build.0 = Release|Any CPU
		{B8189FA0-EB9F-41B2-83D5-FAB57B2D1F36}.Ad-Hoc|iPhone.Deploy.0 = Release|Any CPU
		{B8189FA0-EB9F-41B2-83D5-FAB57B2D1F36}.Ad-Hoc|iPhoneSimulator.ActiveCfg = Release|Any CPU
		{B8189FA0-EB9F-41B2-83D5-FAB57B2D1F36}.Ad-Hoc|iPhoneSimulator.Build.0 = Release|Any CPU
		{B8189FA0-EB9F-41B2-83D5-FAB57B2D1F36}.Ad-Hoc|iPhoneSimulator.Deploy.0 = Release|Any CPU
		{B8189FA0-EB9F-41B2-83D5-FAB57B2D1F36}.Ad-Hoc|x64.ActiveCfg = Release|x64
		{B8189FA0-EB9F-41B2-83D5-FAB57B2D1F36}.Ad-Hoc|x64.Build.0 = Release|x64
		{B8189FA0-EB9F-41B2-83D5-FAB57B2D1F36}.Ad-Hoc|x64.Deploy.0 = Release|x64
		{B8189FA0-EB9F-41B2-83D5-FAB57B2D1F36}.Ad-Hoc|x86.ActiveCfg = Release|x86
		{B8189FA0-EB9F-41B2-83D5-FAB57B2D1F36}.Ad-Hoc|x86.Build.0 = Release|x86
		{B8189FA0-EB9F-41B2-83D5-FAB57B2D1F36}.Ad-Hoc|x86.Deploy.0 = Release|x86
		{B8189FA0-EB9F-41B2-83D5-FAB57B2D1F36}.AppStore|Any CPU.ActiveCfg = Release|Any CPU
		{B8189FA0-EB9F-41B2-83D5-FAB57B2D1F36}.AppStore|Any CPU.Build.0 = Release|Any CPU
		{B8189FA0-EB9F-41B2-83D5-FAB57B2D1F36}.AppStore|Any CPU.Deploy.0 = Release|Any CPU
		{B8189FA0-EB9F-41B2-83D5-FAB57B2D1F36}.AppStore|ARM.ActiveCfg = Release|ARM
		{B8189FA0-EB9F-41B2-83D5-FAB57B2D1F36}.AppStore|ARM.Build.0 = Release|ARM
		{B8189FA0-EB9F-41B2-83D5-FAB57B2D1F36}.AppStore|ARM.Deploy.0 = Release|ARM
		{B8189FA0-EB9F-41B2-83D5-FAB57B2D1F36}.AppStore|iPhone.ActiveCfg = Release|Any CPU
		{B8189FA0-EB9F-41B2-83D5-FAB57B2D1F36}.AppStore|iPhone.Build.0 = Release|Any CPU
		{B8189FA0-EB9F-41B2-83D5-FAB57B2D1F36}.AppStore|iPhone.Deploy.0 = Release|Any CPU
		{B8189FA0-EB9F-41B2-83D5-FAB57B2D1F36}.AppStore|iPhoneSimulator.ActiveCfg = Release|Any CPU
		{B8189FA0-EB9F-41B2-83D5-FAB57B2D1F36}.AppStore|iPhoneSimulator.Build.0 = Release|Any CPU
		{B8189FA0-EB9F-41B2-83D5-FAB57B2D1F36}.AppStore|iPhoneSimulator.Deploy.0 = Release|Any CPU
		{B8189FA0-EB9F-41B2-83D5-FAB57B2D1F36}.AppStore|x64.ActiveCfg = Release|x64
		{B8189FA0-EB9F-41B2-83D5-FAB57B2D1F36}.AppStore|x64.Build.0 = Release|x64
		{B8189FA0-EB9F-41B2-83D5-FAB57B2D1F36}.AppStore|x64.Deploy.0 = Release|x64
		{B8189FA0-EB9F-41B2-83D5-FAB57B2D1F36}.AppStore|x86.ActiveCfg = Release|x86
		{B8189FA0-EB9F-41B2-83D5-FAB57B2D1F36}.AppStore|x86.Build.0 = Release|x86
		{B8189FA0-EB9F-41B2-83D5-FAB57B2D1F36}.AppStore|x86.Deploy.0 = Release|x86
		{B8189FA0-EB9F-41B2-83D5-FAB57B2D1F36}.Debug|Any CPU.ActiveCfg = Debug|Any CPU
		{B8189FA0-EB9F-41B2-83D5-FAB57B2D1F36}.Debug|Any CPU.Build.0 = Debug|Any CPU
		{B8189FA0-EB9F-41B2-83D5-FAB57B2D1F36}.Debug|Any CPU.Deploy.0 = Debug|Any CPU
		{B8189FA0-EB9F-41B2-83D5-FAB57B2D1F36}.Debug|ARM.ActiveCfg = Debug|ARM
		{B8189FA0-EB9F-41B2-83D5-FAB57B2D1F36}.Debug|ARM.Build.0 = Debug|ARM
		{B8189FA0-EB9F-41B2-83D5-FAB57B2D1F36}.Debug|ARM.Deploy.0 = Debug|ARM
		{B8189FA0-EB9F-41B2-83D5-FAB57B2D1F36}.Debug|iPhone.ActiveCfg = Debug|Any CPU
		{B8189FA0-EB9F-41B2-83D5-FAB57B2D1F36}.Debug|iPhone.Build.0 = Debug|Any CPU
		{B8189FA0-EB9F-41B2-83D5-FAB57B2D1F36}.Debug|iPhone.Deploy.0 = Debug|Any CPU
		{B8189FA0-EB9F-41B2-83D5-FAB57B2D1F36}.Debug|iPhoneSimulator.ActiveCfg = Debug|Any CPU
		{B8189FA0-EB9F-41B2-83D5-FAB57B2D1F36}.Debug|iPhoneSimulator.Build.0 = Debug|Any CPU
		{B8189FA0-EB9F-41B2-83D5-FAB57B2D1F36}.Debug|iPhoneSimulator.Deploy.0 = Debug|Any CPU
		{B8189FA0-EB9F-41B2-83D5-FAB57B2D1F36}.Debug|x64.ActiveCfg = Debug|x64
		{B8189FA0-EB9F-41B2-83D5-FAB57B2D1F36}.Debug|x64.Build.0 = Debug|x64
		{B8189FA0-EB9F-41B2-83D5-FAB57B2D1F36}.Debug|x64.Deploy.0 = Debug|x64
		{B8189FA0-EB9F-41B2-83D5-FAB57B2D1F36}.Debug|x86.ActiveCfg = Debug|x86
		{B8189FA0-EB9F-41B2-83D5-FAB57B2D1F36}.Debug|x86.Build.0 = Debug|x86
		{B8189FA0-EB9F-41B2-83D5-FAB57B2D1F36}.Debug|x86.Deploy.0 = Debug|x86
		{B8189FA0-EB9F-41B2-83D5-FAB57B2D1F36}.Release|Any CPU.ActiveCfg = Release|Any CPU
		{B8189FA0-EB9F-41B2-83D5-FAB57B2D1F36}.Release|Any CPU.Build.0 = Release|Any CPU
		{B8189FA0-EB9F-41B2-83D5-FAB57B2D1F36}.Release|Any CPU.Deploy.0 = Release|Any CPU
		{B8189FA0-EB9F-41B2-83D5-FAB57B2D1F36}.Release|ARM.ActiveCfg = Release|ARM
		{B8189FA0-EB9F-41B2-83D5-FAB57B2D1F36}.Release|ARM.Build.0 = Release|ARM
		{B8189FA0-EB9F-41B2-83D5-FAB57B2D1F36}.Release|ARM.Deploy.0 = Release|ARM
		{B8189FA0-EB9F-41B2-83D5-FAB57B2D1F36}.Release|iPhone.ActiveCfg = Release|Any CPU
		{B8189FA0-EB9F-41B2-83D5-FAB57B2D1F36}.Release|iPhone.Build.0 = Release|Any CPU
		{B8189FA0-EB9F-41B2-83D5-FAB57B2D1F36}.Release|iPhone.Deploy.0 = Release|Any CPU
		{B8189FA0-EB9F-41B2-83D5-FAB57B2D1F36}.Release|iPhoneSimulator.ActiveCfg = Release|Any CPU
		{B8189FA0-EB9F-41B2-83D5-FAB57B2D1F36}.Release|iPhoneSimulator.Build.0 = Release|Any CPU
		{B8189FA0-EB9F-41B2-83D5-FAB57B2D1F36}.Release|iPhoneSimulator.Deploy.0 = Release|Any CPU
		{B8189FA0-EB9F-41B2-83D5-FAB57B2D1F36}.Release|x64.ActiveCfg = Release|x64
		{B8189FA0-EB9F-41B2-83D5-FAB57B2D1F36}.Release|x64.Build.0 = Release|x64
		{B8189FA0-EB9F-41B2-83D5-FAB57B2D1F36}.Release|x64.Deploy.0 = Release|x64
		{B8189FA0-EB9F-41B2-83D5-FAB57B2D1F36}.Release|x86.ActiveCfg = Release|x86
		{B8189FA0-EB9F-41B2-83D5-FAB57B2D1F36}.Release|x86.Build.0 = Release|x86
		{B8189FA0-EB9F-41B2-83D5-FAB57B2D1F36}.Release|x86.Deploy.0 = Release|x86
	EndGlobalSection
	GlobalSection(SolutionProperties) = preSolution
		HideSolutionNode = FALSE
	EndGlobalSection
EndGlobal
